// !$*UTF8*$!
{
	archiveVersion = 1;
	classes = {
	};
	objectVersion = 48;
	objects = {

/* Begin PBXBuildFile section */
		B53878101FB54D550071B682 /* JdFiber.cpp in Sources */ = {isa = PBXBuildFile; fileRef = B538780F1FB54D550071B682 /* JdFiber.cpp */; };
		B538781B1FB54E170071B682 /* JdCoreL2.cpp in Sources */ = {isa = PBXBuildFile; fileRef = B53878121FB54E160071B682 /* JdCoreL2.cpp */; };
		B538781C1FB54E170071B682 /* JdConfig.cpp in Sources */ = {isa = PBXBuildFile; fileRef = B53878141FB54E160071B682 /* JdConfig.cpp */; };
		B538781D1FB54E170071B682 /* JdAssert.cpp in Sources */ = {isa = PBXBuildFile; fileRef = B53878161FB54E160071B682 /* JdAssert.cpp */; };
		B538781E1FB54E170071B682 /* JdCore.cpp in Sources */ = {isa = PBXBuildFile; fileRef = B53878181FB54E160071B682 /* JdCore.cpp */; };
		B53878211FB54E410071B682 /* JdStdStringUtils.cpp in Sources */ = {isa = PBXBuildFile; fileRef = B53878201FB54E410071B682 /* JdStdStringUtils.cpp */; };
		B53878271FB54EA40071B682 /* JdUtils.cpp in Sources */ = {isa = PBXBuildFile; fileRef = B53878261FB54EA30071B682 /* JdUtils.cpp */; };
		B538782A1FB54EB70071B682 /* JdTypeId.cpp in Sources */ = {isa = PBXBuildFile; fileRef = B53878281FB54EB70071B682 /* JdTypeId.cpp */; };
		B53878301FB54F040071B682 /* EpigramDump.cpp in Sources */ = {isa = PBXBuildFile; fileRef = B538782E1FB54F040071B682 /* EpigramDump.cpp */; };
		B53878331FB54F3A0071B682 /* JdUUID.cpp in Sources */ = {isa = PBXBuildFile; fileRef = B53878321FB54F3A0071B682 /* JdUUID.cpp */; };
		B562BD771FB55D9500FDE277 /* test.epigram.cpp in Sources */ = {isa = PBXBuildFile; fileRef = B562BD761FB55D9500FDE277 /* test.epigram.cpp */; };
		B580E2401FB64C8B00DD177B /* JdTimer.cpp in Sources */ = {isa = PBXBuildFile; fileRef = B580E23D1FB64C8B00DD177B /* JdTimer.cpp */; };
		B580E2431FB64CF100DD177B /* libboost_timer-clang-darwin42-mt-x64-1_67.a in Frameworks */ = {isa = PBXBuildFile; fileRef = B580E2411FB64CF100DD177B /* libboost_timer-clang-darwin42-mt-x64-1_67.a */; };
		B580E2441FB64CF100DD177B /* libboost_chrono-clang-darwin42-mt-x64-1_67.a in Frameworks */ = {isa = PBXBuildFile; fileRef = B580E2421FB64CF100DD177B /* libboost_chrono-clang-darwin42-mt-x64-1_67.a */; };
		B580E2461FB64D0B00DD177B /* libboost_system-clang-darwin42-mt-x64-1_67.a in Frameworks */ = {isa = PBXBuildFile; fileRef = B580E2451FB64D0A00DD177B /* libboost_system-clang-darwin42-mt-x64-1_67.a */; };
		B583D0941FA97E85007C07F0 /* test.core.cpp in Sources */ = {isa = PBXBuildFile; fileRef = B583D0931FA97E85007C07F0 /* test.core.cpp */; };
		B583D0C11FA97F0D007C07F0 /* libboost_context-clang-darwin42-mt-x64-1_67.a in Frameworks */ = {isa = PBXBuildFile; fileRef = B583D0C01FA97F0D007C07F0 /* libboost_context-clang-darwin42-mt-x64-1_67.a */; };
		B583D0C31FA97F20007C07F0 /* city.o in Frameworks */ = {isa = PBXBuildFile; fileRef = B583D0C21FA97F20007C07F0 /* city.o */; };
		B5C695C32029E4AA001DC0F3 /* EpilogCliServer.cpp in Sources */ = {isa = PBXBuildFile; fileRef = B5C695C02029E4AA001DC0F3 /* EpilogCliServer.cpp */; };
		B5C695C42029E4AA001DC0F3 /* epilog.cpp in Sources */ = {isa = PBXBuildFile; fileRef = B5C695C12029E4AA001DC0F3 /* epilog.cpp */; };
		B5C695C8202A1552001DC0F3 /* libboost_system-clang-darwin42-mt-x64-1_67.a in Frameworks */ = {isa = PBXBuildFile; fileRef = B580E2451FB64D0A00DD177B /* libboost_system-clang-darwin42-mt-x64-1_67.a */; };
		B5C695CE202A1553001DC0F3 /* libboost_program_options-clang-darwin42-mt-x64-1_67.a in Frameworks */ = {isa = PBXBuildFile; fileRef = B5C695CB202A1553001DC0F3 /* libboost_program_options-clang-darwin42-mt-x64-1_67.a */; };
		B5C695CF202A1553001DC0F3 /* libboost_thread-clang-darwin42-mt-x64-1_67.a in Frameworks */ = {isa = PBXBuildFile; fileRef = B5C695CC202A1553001DC0F3 /* libboost_thread-clang-darwin42-mt-x64-1_67.a */; };
		B5C695D0202A1612001DC0F3 /* JdAssert.cpp in Sources */ = {isa = PBXBuildFile; fileRef = B53878161FB54E160071B682 /* JdAssert.cpp */; };
		B5C695D1202A161E001DC0F3 /* JdConfig.cpp in Sources */ = {isa = PBXBuildFile; fileRef = B53878141FB54E160071B682 /* JdConfig.cpp */; };
		B5C695D2202A164F001DC0F3 /* JdCore.cpp in Sources */ = {isa = PBXBuildFile; fileRef = B53878181FB54E160071B682 /* JdCore.cpp */; };
		B5DB7A5C20AE3D9000FB25CD /* epilog in CopyFiles */ = {isa = PBXBuildFile; fileRef = B5C695B82029E42A001DC0F3 /* epilog */; };
		B5DB7A5F20AE3E6500FB25CD /* EpilogLib.cpp in Sources */ = {isa = PBXBuildFile; fileRef = B5DB7A5E20AE3E6500FB25CD /* EpilogLib.cpp */; };
		B5DB7A6020AE3E7900FB25CD /* libboost_thread-clang-darwin42-mt-x64-1_67.a in Frameworks */ = {isa = PBXBuildFile; fileRef = B5C695CC202A1553001DC0F3 /* libboost_thread-clang-darwin42-mt-x64-1_67.a */; };
		B5DB7A6220AE3E9E00FB25CD /* JdMacPlatform.mm in Sources */ = {isa = PBXBuildFile; fileRef = B5DB7A6120AE3E9E00FB25CD /* JdMacPlatform.mm */; };
		B5DB7A6420AE3EC300FB25CD /* EpigramAppleUtil.cpp in Sources */ = {isa = PBXBuildFile; fileRef = B5DB7A6320AE3EC300FB25CD /* EpigramAppleUtil.cpp */; };
/* End PBXBuildFile section */

/* Begin PBXCopyFilesBuildPhase section */
		B584EF371FA97E2E00A8B431 /* CopyFiles */ = {
			isa = PBXCopyFilesBuildPhase;
			buildActionMask = 2147483647;
			dstPath = /usr/share/man/man1/;
			dstSubfolderSpec = 0;
			files = (
			);
			runOnlyForDeploymentPostprocessing = 1;
		};
		B5C695B62029E42A001DC0F3 /* CopyFiles */ = {
			isa = PBXCopyFilesBuildPhase;
			buildActionMask = 12;
			dstPath = "~";
			dstSubfolderSpec = 0;
			files = (
				B5DB7A5C20AE3D9000FB25CD /* epilog in CopyFiles */,
			);
			runOnlyForDeploymentPostprocessing = 0;
		};
/* End PBXCopyFilesBuildPhase section */

/* Begin PBXFileReference section */
		B538780E1FB54D550071B682 /* JdFiber.hpp */ = {isa = PBXFileReference; fileEncoding = 4; lastKnownFileType = sourcecode.cpp.h; name = JdFiber.hpp; path = concurrent/JdFiber.hpp; sourceTree = "<group>"; };
		B538780F1FB54D550071B682 /* JdFiber.cpp */ = {isa = PBXFileReference; fileEncoding = 4; lastKnownFileType = sourcecode.cpp.cpp; name = JdFiber.cpp; path = concurrent/JdFiber.cpp; sourceTree = "<group>"; };
		B53878111FB54E160071B682 /* JdEnum.hpp */ = {isa = PBXFileReference; fileEncoding = 4; lastKnownFileType = sourcecode.cpp.h; name = JdEnum.hpp; path = core/JdEnum.hpp; sourceTree = "<group>"; };
		B53878121FB54E160071B682 /* JdCoreL2.cpp */ = {isa = PBXFileReference; fileEncoding = 4; lastKnownFileType = sourcecode.cpp.cpp; name = JdCoreL2.cpp; path = core/JdCoreL2.cpp; sourceTree = "<group>"; };
		B53878131FB54E160071B682 /* JdCore.hpp */ = {isa = PBXFileReference; fileEncoding = 4; lastKnownFileType = sourcecode.cpp.h; name = JdCore.hpp; path = core/JdCore.hpp; sourceTree = "<group>"; };
		B53878141FB54E160071B682 /* JdConfig.cpp */ = {isa = PBXFileReference; fileEncoding = 4; lastKnownFileType = sourcecode.cpp.cpp; name = JdConfig.cpp; path = core/JdConfig.cpp; sourceTree = "<group>"; };
		B53878151FB54E160071B682 /* JdAssert.hpp */ = {isa = PBXFileReference; fileEncoding = 4; lastKnownFileType = sourcecode.cpp.h; name = JdAssert.hpp; path = core/JdAssert.hpp; sourceTree = "<group>"; };
		B53878161FB54E160071B682 /* JdAssert.cpp */ = {isa = PBXFileReference; fileEncoding = 4; lastKnownFileType = sourcecode.cpp.cpp; name = JdAssert.cpp; path = core/JdAssert.cpp; sourceTree = "<group>"; };
		B53878171FB54E160071B682 /* JdCoreL2.hpp */ = {isa = PBXFileReference; fileEncoding = 4; lastKnownFileType = sourcecode.cpp.h; name = JdCoreL2.hpp; path = core/JdCoreL2.hpp; sourceTree = "<group>"; };
		B53878181FB54E160071B682 /* JdCore.cpp */ = {isa = PBXFileReference; fileEncoding = 4; lastKnownFileType = sourcecode.cpp.cpp; name = JdCore.cpp; path = core/JdCore.cpp; sourceTree = "<group>"; };
		B53878191FB54E170071B682 /* JdResult.hpp */ = {isa = PBXFileReference; fileEncoding = 4; lastKnownFileType = sourcecode.cpp.h; name = JdResult.hpp; path = core/JdResult.hpp; sourceTree = "<group>"; };
		B538781A1FB54E170071B682 /* JdConfig.hpp */ = {isa = PBXFileReference; fileEncoding = 4; lastKnownFileType = sourcecode.cpp.h; name = JdConfig.hpp; path = core/JdConfig.hpp; sourceTree = "<group>"; };
		B538781F1FB54E410071B682 /* JdStdStringUtils.hpp */ = {isa = PBXFileReference; fileEncoding = 4; lastKnownFileType = sourcecode.cpp.h; name = JdStdStringUtils.hpp; path = utils/JdStdStringUtils.hpp; sourceTree = "<group>"; };
		B53878201FB54E410071B682 /* JdStdStringUtils.cpp */ = {isa = PBXFileReference; fileEncoding = 4; lastKnownFileType = sourcecode.cpp.cpp; name = JdStdStringUtils.cpp; path = utils/JdStdStringUtils.cpp; sourceTree = "<group>"; };
		B53878221FB54E5C0071B682 /* JdNucleus.hpp */ = {isa = PBXFileReference; lastKnownFileType = sourcecode.cpp.h; name = JdNucleus.hpp; path = core/JdNucleus.hpp; sourceTree = "<group>"; };
		B53878231FB54E850071B682 /* EpSerializationRaw.hpp */ = {isa = PBXFileReference; lastKnownFileType = sourcecode.cpp.h; name = EpSerializationRaw.hpp; path = serialization/EpSerializationRaw.hpp; sourceTree = "<group>"; };
		B53878241FB54E920071B682 /* JdFlatString.hpp */ = {isa = PBXFileReference; lastKnownFileType = sourcecode.cpp.h; name = JdFlatString.hpp; path = utils/JdFlatString.hpp; sourceTree = "<group>"; };
		B53878251FB54EA30071B682 /* JdUtils.hpp */ = {isa = PBXFileReference; fileEncoding = 4; lastKnownFileType = sourcecode.cpp.h; name = JdUtils.hpp; path = utils/JdUtils.hpp; sourceTree = "<group>"; };
		B53878261FB54EA30071B682 /* JdUtils.cpp */ = {isa = PBXFileReference; fileEncoding = 4; lastKnownFileType = sourcecode.cpp.cpp; name = JdUtils.cpp; path = utils/JdUtils.cpp; sourceTree = "<group>"; };
		B53878281FB54EB70071B682 /* JdTypeId.cpp */ = {isa = PBXFileReference; fileEncoding = 4; lastKnownFileType = sourcecode.cpp.cpp; name = JdTypeId.cpp; path = utils/JdTypeId.cpp; sourceTree = "<group>"; };
		B53878291FB54EB70071B682 /* JdTypeId.hpp */ = {isa = PBXFileReference; fileEncoding = 4; lastKnownFileType = sourcecode.cpp.h; name = JdTypeId.hpp; path = utils/JdTypeId.hpp; sourceTree = "<group>"; };
		B538782B1FB54EC40071B682 /* IEpigram.hpp */ = {isa = PBXFileReference; lastKnownFileType = sourcecode.cpp.h; name = IEpigram.hpp; path = serialization/IEpigram.hpp; sourceTree = "<group>"; };
		B538782C1FB54ECD0071B682 /* Epigram.hpp */ = {isa = PBXFileReference; lastKnownFileType = sourcecode.cpp.h; name = Epigram.hpp; path = serialization/Epigram.hpp; sourceTree = "<group>"; };
		B538782D1FB54EE70071B682 /* EpArgs.hpp */ = {isa = PBXFileReference; lastKnownFileType = sourcecode.cpp.h; name = EpArgs.hpp; path = serialization/EpArgs.hpp; sourceTree = "<group>"; };
		B538782E1FB54F040071B682 /* EpigramDump.cpp */ = {isa = PBXFileReference; fileEncoding = 4; lastKnownFileType = sourcecode.cpp.cpp; name = EpigramDump.cpp; path = serialization/EpigramDump.cpp; sourceTree = "<group>"; };
		B538782F1FB54F040071B682 /* EpigramDump.hpp */ = {isa = PBXFileReference; fileEncoding = 4; lastKnownFileType = sourcecode.cpp.h; name = EpigramDump.hpp; path = serialization/EpigramDump.hpp; sourceTree = "<group>"; };
		B53878311FB54F2C0071B682 /* JdUUID.hpp */ = {isa = PBXFileReference; lastKnownFileType = sourcecode.cpp.h; name = JdUUID.hpp; path = hash/JdUUID.hpp; sourceTree = "<group>"; };
		B53878321FB54F3A0071B682 /* JdUUID.cpp */ = {isa = PBXFileReference; fileEncoding = 4; lastKnownFileType = sourcecode.cpp.cpp; name = JdUUID.cpp; path = hash/JdUUID.cpp; sourceTree = "<group>"; };
		B562BD761FB55D9500FDE277 /* test.epigram.cpp */ = {isa = PBXFileReference; lastKnownFileType = sourcecode.cpp.cpp; name = test.epigram.cpp; path = ../../test/test.epigram.cpp; sourceTree = "<group>"; };
		B580E23D1FB64C8B00DD177B /* JdTimer.cpp */ = {isa = PBXFileReference; fileEncoding = 4; lastKnownFileType = sourcecode.cpp.cpp; name = JdTimer.cpp; path = system/JdTimer.cpp; sourceTree = "<group>"; };
		B580E23E1FB64C8B00DD177B /* JdTimer.hpp */ = {isa = PBXFileReference; fileEncoding = 4; lastKnownFileType = sourcecode.cpp.h; name = JdTimer.hpp; path = system/JdTimer.hpp; sourceTree = "<group>"; };
		B580E23F1FB64C8B00DD177B /* JdStopwatch.hpp */ = {isa = PBXFileReference; fileEncoding = 4; lastKnownFileType = sourcecode.cpp.h; name = JdStopwatch.hpp; path = system/JdStopwatch.hpp; sourceTree = "<group>"; };
		B580E2411FB64CF100DD177B /* libboost_timer-clang-darwin42-mt-x64-1_67.a */ = {isa = PBXFileReference; lastKnownFileType = archive.ar; name = "libboost_timer-clang-darwin42-mt-x64-1_67.a"; path = "../../lib/libboost_timer-clang-darwin42-mt-x64-1_67.a"; sourceTree = "<group>"; };
		B580E2421FB64CF100DD177B /* libboost_chrono-clang-darwin42-mt-x64-1_67.a */ = {isa = PBXFileReference; lastKnownFileType = archive.ar; name = "libboost_chrono-clang-darwin42-mt-x64-1_67.a"; path = "../../lib/libboost_chrono-clang-darwin42-mt-x64-1_67.a"; sourceTree = "<group>"; };
		B580E2451FB64D0A00DD177B /* libboost_system-clang-darwin42-mt-x64-1_67.a */ = {isa = PBXFileReference; lastKnownFileType = archive.ar; name = "libboost_system-clang-darwin42-mt-x64-1_67.a"; path = "../../lib/libboost_system-clang-darwin42-mt-x64-1_67.a"; sourceTree = "<group>"; };
		B583D0921FA97E85007C07F0 /* doctest.hpp */ = {isa = PBXFileReference; fileEncoding = 4; lastKnownFileType = sourcecode.cpp.h; name = doctest.hpp; path = ../../test/doctest.hpp; sourceTree = "<group>"; };
		B583D0931FA97E85007C07F0 /* test.core.cpp */ = {isa = PBXFileReference; fileEncoding = 4; lastKnownFileType = sourcecode.cpp.cpp; name = test.core.cpp; path = ../../test/test.core.cpp; sourceTree = "<group>"; };
		B583D0C01FA97F0D007C07F0 /* libboost_context-clang-darwin42-mt-x64-1_67.a */ = {isa = PBXFileReference; lastKnownFileType = archive.ar; name = "libboost_context-clang-darwin42-mt-x64-1_67.a"; path = "../../lib/libboost_context-clang-darwin42-mt-x64-1_67.a"; sourceTree = "<group>"; };
		B583D0C21FA97F20007C07F0 /* city.o */ = {isa = PBXFileReference; lastKnownFileType = "compiled.mach-o.objfile"; name = city.o; path = ../../external/cityhash/src/city.o; sourceTree = "<group>"; };
		B584EF391FA97E2E00A8B431 /* epitest */ = {isa = PBXFileReference; explicitFileType = "compiled.mach-o.executable"; includeInIndex = 0; path = epitest; sourceTree = BUILT_PRODUCTS_DIR; };
		B5906271204A11EC00E3D77D /* JdMessageQueue.hpp */ = {isa = PBXFileReference; fileEncoding = 4; lastKnownFileType = sourcecode.cpp.h; name = JdMessageQueue.hpp; path = concurrent/JdMessageQueue.hpp; sourceTree = "<group>"; };
		B5906272204A13C900E3D77D /* JdThreadPort.hpp */ = {isa = PBXFileReference; fileEncoding = 4; lastKnownFileType = sourcecode.cpp.h; name = JdThreadPort.hpp; path = concurrent/JdThreadPort.hpp; sourceTree = "<group>"; };
		B5C695B32029E317001DC0F3 /* JdTable.hpp */ = {isa = PBXFileReference; fileEncoding = 4; lastKnownFileType = sourcecode.cpp.h; name = JdTable.hpp; path = debug/JdTable.hpp; sourceTree = "<group>"; };
		B5C695B82029E42A001DC0F3 /* epilog */ = {isa = PBXFileReference; explicitFileType = "compiled.mach-o.executable"; includeInIndex = 0; path = epilog; sourceTree = BUILT_PRODUCTS_DIR; };
		B5C695C02029E4AA001DC0F3 /* EpilogCliServer.cpp */ = {isa = PBXFileReference; fileEncoding = 4; lastKnownFileType = sourcecode.cpp.cpp; name = EpilogCliServer.cpp; path = ../../source/trace/server/EpilogCliServer.cpp; sourceTree = "<group>"; };
		B5C695C12029E4AA001DC0F3 /* epilog.cpp */ = {isa = PBXFileReference; fileEncoding = 4; lastKnownFileType = sourcecode.cpp.cpp; name = epilog.cpp; path = ../../source/trace/server/epilog.cpp; sourceTree = "<group>"; };
		B5C695C22029E4AA001DC0F3 /* EpilogCliServer.hpp */ = {isa = PBXFileReference; fileEncoding = 4; lastKnownFileType = sourcecode.cpp.h; name = EpilogCliServer.hpp; path = ../../source/trace/server/EpilogCliServer.hpp; sourceTree = "<group>"; };
		B5C695CA202A1553001DC0F3 /* libboost_date_time-clang-darwin42-mt-x64-1_67.a */ = {isa = PBXFileReference; lastKnownFileType = archive.ar; name = "libboost_date_time-clang-darwin42-mt-x64-1_67.a"; path = "../../lib/libboost_date_time-clang-darwin42-mt-x64-1_67.a"; sourceTree = "<group>"; };
		B5C695CB202A1553001DC0F3 /* libboost_program_options-clang-darwin42-mt-x64-1_67.a */ = {isa = PBXFileReference; lastKnownFileType = archive.ar; name = "libboost_program_options-clang-darwin42-mt-x64-1_67.a"; path = "../../lib/libboost_program_options-clang-darwin42-mt-x64-1_67.a"; sourceTree = "<group>"; };
		B5C695CC202A1553001DC0F3 /* libboost_thread-clang-darwin42-mt-x64-1_67.a */ = {isa = PBXFileReference; lastKnownFileType = archive.ar; name = "libboost_thread-clang-darwin42-mt-x64-1_67.a"; path = "../../lib/libboost_thread-clang-darwin42-mt-x64-1_67.a"; sourceTree = "<group>"; };
		B5DB7A5E20AE3E6500FB25CD /* EpilogLib.cpp */ = {isa = PBXFileReference; fileEncoding = 4; lastKnownFileType = sourcecode.cpp.cpp; name = EpilogLib.cpp; path = trace/EpilogLib.cpp; sourceTree = "<group>"; };
		B5DB7A6120AE3E9E00FB25CD /* JdMacPlatform.mm */ = {isa = PBXFileReference; fileEncoding = 4; lastKnownFileType = sourcecode.cpp.objcpp; name = JdMacPlatform.mm; path = system/mac/JdMacPlatform.mm; sourceTree = "<group>"; };
		B5DB7A6320AE3EC300FB25CD /* EpigramAppleUtil.cpp */ = {isa = PBXFileReference; fileEncoding = 4; lastKnownFileType = sourcecode.cpp.cpp; name = EpigramAppleUtil.cpp; path = serialization/EpigramAppleUtil.cpp; sourceTree = "<group>"; };
		B5DB7A6520AE3F4700FB25CD /* Epilog.hpp */ = {isa = PBXFileReference; fileEncoding = 4; lastKnownFileType = sourcecode.cpp.h; name = Epilog.hpp; path = trace/Epilog.hpp; sourceTree = "<group>"; };
/* End PBXFileReference section */

/* Begin PBXFrameworksBuildPhase section */
		B584EF361FA97E2E00A8B431 /* Frameworks */ = {
			isa = PBXFrameworksBuildPhase;
			buildActionMask = 2147483647;
			files = (
				B583D0C31FA97F20007C07F0 /* city.o in Frameworks */,
				B580E2461FB64D0B00DD177B /* libboost_system-clang-darwin42-mt-x64-1_67.a in Frameworks */,
				B583D0C11FA97F0D007C07F0 /* libboost_context-clang-darwin42-mt-x64-1_67.a in Frameworks */,
				B5DB7A6020AE3E7900FB25CD /* libboost_thread-clang-darwin42-mt-x64-1_67.a in Frameworks */,
				B580E2431FB64CF100DD177B /* libboost_timer-clang-darwin42-mt-x64-1_67.a in Frameworks */,
				B580E2441FB64CF100DD177B /* libboost_chrono-clang-darwin42-mt-x64-1_67.a in Frameworks */,
			);
			runOnlyForDeploymentPostprocessing = 0;
		};
		B5C695B52029E42A001DC0F3 /* Frameworks */ = {
			isa = PBXFrameworksBuildPhase;
			buildActionMask = 2147483647;
			files = (
				B5C695CE202A1553001DC0F3 /* libboost_program_options-clang-darwin42-mt-x64-1_67.a in Frameworks */,
				B5C695CF202A1553001DC0F3 /* libboost_thread-clang-darwin42-mt-x64-1_67.a in Frameworks */,
				B5C695C8202A1552001DC0F3 /* libboost_system-clang-darwin42-mt-x64-1_67.a in Frameworks */,
			);
			runOnlyForDeploymentPostprocessing = 0;
		};
/* End PBXFrameworksBuildPhase section */

/* Begin PBXGroup section */
		B583D0951FA97E8F007C07F0 /* source */ = {
			isa = PBXGroup;
			children = (
				B5DB7A6520AE3F4700FB25CD /* Epilog.hpp */,
				B5DB7A6320AE3EC300FB25CD /* EpigramAppleUtil.cpp */,
				B5DB7A6120AE3E9E00FB25CD /* JdMacPlatform.mm */,
				B5DB7A5E20AE3E6500FB25CD /* EpilogLib.cpp */,
				B5906272204A13C900E3D77D /* JdThreadPort.hpp */,
				B5906271204A11EC00E3D77D /* JdMessageQueue.hpp */,
				B5C695B32029E317001DC0F3 /* JdTable.hpp */,
				B580E23F1FB64C8B00DD177B /* JdStopwatch.hpp */,
				B580E23D1FB64C8B00DD177B /* JdTimer.cpp */,
				B580E23E1FB64C8B00DD177B /* JdTimer.hpp */,
				B53878321FB54F3A0071B682 /* JdUUID.cpp */,
				B53878311FB54F2C0071B682 /* JdUUID.hpp */,
				B538782E1FB54F040071B682 /* EpigramDump.cpp */,
				B538782F1FB54F040071B682 /* EpigramDump.hpp */,
				B538782D1FB54EE70071B682 /* EpArgs.hpp */,
				B538782C1FB54ECD0071B682 /* Epigram.hpp */,
				B538782B1FB54EC40071B682 /* IEpigram.hpp */,
				B53878281FB54EB70071B682 /* JdTypeId.cpp */,
				B53878291FB54EB70071B682 /* JdTypeId.hpp */,
				B53878261FB54EA30071B682 /* JdUtils.cpp */,
				B53878251FB54EA30071B682 /* JdUtils.hpp */,
				B53878241FB54E920071B682 /* JdFlatString.hpp */,
				B53878231FB54E850071B682 /* EpSerializationRaw.hpp */,
				B53878221FB54E5C0071B682 /* JdNucleus.hpp */,
				B53878201FB54E410071B682 /* JdStdStringUtils.cpp */,
				B538781F1FB54E410071B682 /* JdStdStringUtils.hpp */,
				B53878161FB54E160071B682 /* JdAssert.cpp */,
				B53878151FB54E160071B682 /* JdAssert.hpp */,
				B53878141FB54E160071B682 /* JdConfig.cpp */,
				B538781A1FB54E170071B682 /* JdConfig.hpp */,
				B53878181FB54E160071B682 /* JdCore.cpp */,
				B53878131FB54E160071B682 /* JdCore.hpp */,
				B53878121FB54E160071B682 /* JdCoreL2.cpp */,
				B53878171FB54E160071B682 /* JdCoreL2.hpp */,
				B53878111FB54E160071B682 /* JdEnum.hpp */,
				B53878191FB54E170071B682 /* JdResult.hpp */,
				B538780F1FB54D550071B682 /* JdFiber.cpp */,
				B538780E1FB54D550071B682 /* JdFiber.hpp */,
			);
			name = source;
			path = ../../source;
			sourceTree = SOURCE_ROOT;
		};
		B583D0BF1FA97F0D007C07F0 /* Frameworks */ = {
			isa = PBXGroup;
			children = (
				B5C695CA202A1553001DC0F3 /* libboost_date_time-clang-darwin42-mt-x64-1_67.a */,
				B5C695CB202A1553001DC0F3 /* libboost_program_options-clang-darwin42-mt-x64-1_67.a */,
				B5C695CC202A1553001DC0F3 /* libboost_thread-clang-darwin42-mt-x64-1_67.a */,
				B580E2451FB64D0A00DD177B /* libboost_system-clang-darwin42-mt-x64-1_67.a */,
				B580E2421FB64CF100DD177B /* libboost_chrono-clang-darwin42-mt-x64-1_67.a */,
				B580E2411FB64CF100DD177B /* libboost_timer-clang-darwin42-mt-x64-1_67.a */,
				B583D0C21FA97F20007C07F0 /* city.o */,
				B583D0C01FA97F0D007C07F0 /* libboost_context-clang-darwin42-mt-x64-1_67.a */,
			);
			name = Frameworks;
			sourceTree = "<group>";
		};
		B584EF301FA97E2E00A8B431 = {
			isa = PBXGroup;
			children = (
				B5C695BF2029E44C001DC0F3 /* epilog */,
				B583D0951FA97E8F007C07F0 /* source */,
				B583D0921FA97E85007C07F0 /* doctest.hpp */,
				B583D0931FA97E85007C07F0 /* test.core.cpp */,
				B562BD761FB55D9500FDE277 /* test.epigram.cpp */,
				B584EF3A1FA97E2E00A8B431 /* Products */,
				B583D0BF1FA97F0D007C07F0 /* Frameworks */,
			);
			sourceTree = "<group>";
		};
		B584EF3A1FA97E2E00A8B431 /* Products */ = {
			isa = PBXGroup;
			children = (
				B584EF391FA97E2E00A8B431 /* epitest */,
				B5C695B82029E42A001DC0F3 /* epilog */,
			);
			name = Products;
			sourceTree = "<group>";
		};
		B5C695BF2029E44C001DC0F3 /* epilog */ = {
			isa = PBXGroup;
			children = (
				B5C695C12029E4AA001DC0F3 /* epilog.cpp */,
				B5C695C02029E4AA001DC0F3 /* EpilogCliServer.cpp */,
				B5C695C22029E4AA001DC0F3 /* EpilogCliServer.hpp */,
			);
			name = epilog;
			sourceTree = "<group>";
		};
/* End PBXGroup section */

/* Begin PBXNativeTarget section */
		B584EF381FA97E2E00A8B431 /* epitest */ = {
			isa = PBXNativeTarget;
			buildConfigurationList = B584EF401FA97E2E00A8B431 /* Build configuration list for PBXNativeTarget "epitest" */;
			buildPhases = (
				B584EF351FA97E2E00A8B431 /* Sources */,
				B584EF361FA97E2E00A8B431 /* Frameworks */,
				B584EF371FA97E2E00A8B431 /* CopyFiles */,
			);
			buildRules = (
			);
			dependencies = (
			);
			name = epitest;
			productName = epitest;
			productReference = B584EF391FA97E2E00A8B431 /* epitest */;
			productType = "com.apple.product-type.tool";
		};
		B5C695B72029E42A001DC0F3 /* epilog */ = {
			isa = PBXNativeTarget;
			buildConfigurationList = B5C695BC2029E42A001DC0F3 /* Build configuration list for PBXNativeTarget "epilog" */;
			buildPhases = (
				B5C695B42029E42A001DC0F3 /* Sources */,
				B5C695B52029E42A001DC0F3 /* Frameworks */,
				B5C695B62029E42A001DC0F3 /* CopyFiles */,
			);
			buildRules = (
			);
			dependencies = (
			);
			name = epilog;
			productName = epilog;
			productReference = B5C695B82029E42A001DC0F3 /* epilog */;
			productType = "com.apple.product-type.tool";
		};
/* End PBXNativeTarget section */

/* Begin PBXProject section */
		B584EF311FA97E2E00A8B431 /* Project object */ = {
			isa = PBXProject;
			attributes = {
				LastUpgradeCheck = 0900;
				ORGANIZATIONNAME = "Steven Massey";
				TargetAttributes = {
					B584EF381FA97E2E00A8B431 = {
						CreatedOnToolsVersion = 9.0.1;
						ProvisioningStyle = Automatic;
					};
					B5C695B72029E42A001DC0F3 = {
						CreatedOnToolsVersion = 9.2;
						ProvisioningStyle = Automatic;
					};
				};
			};
			buildConfigurationList = B584EF341FA97E2E00A8B431 /* Build configuration list for PBXProject "epigram" */;
			compatibilityVersion = "Xcode 8.0";
			developmentRegion = en;
			hasScannedForEncodings = 0;
			knownRegions = (
				en,
			);
			mainGroup = B584EF301FA97E2E00A8B431;
			productRefGroup = B584EF3A1FA97E2E00A8B431 /* Products */;
			projectDirPath = "";
			projectRoot = "";
			targets = (
				B584EF381FA97E2E00A8B431 /* epitest */,
				B5C695B72029E42A001DC0F3 /* epilog */,
			);
		};
/* End PBXProject section */

/* Begin PBXSourcesBuildPhase section */
		B584EF351FA97E2E00A8B431 /* Sources */ = {
			isa = PBXSourcesBuildPhase;
			buildActionMask = 2147483647;
			files = (
				B562BD771FB55D9500FDE277 /* test.epigram.cpp in Sources */,
				B53878211FB54E410071B682 /* JdStdStringUtils.cpp in Sources */,
				B53878101FB54D550071B682 /* JdFiber.cpp in Sources */,
				B53878331FB54F3A0071B682 /* JdUUID.cpp in Sources */,
				B538781D1FB54E170071B682 /* JdAssert.cpp in Sources */,
				B53878301FB54F040071B682 /* EpigramDump.cpp in Sources */,
				B538782A1FB54EB70071B682 /* JdTypeId.cpp in Sources */,
				B53878271FB54EA40071B682 /* JdUtils.cpp in Sources */,
				B538781C1FB54E170071B682 /* JdConfig.cpp in Sources */,
				B538781B1FB54E170071B682 /* JdCoreL2.cpp in Sources */,
				B5DB7A6420AE3EC300FB25CD /* EpigramAppleUtil.cpp in Sources */,
				B538781E1FB54E170071B682 /* JdCore.cpp in Sources */,
				B5DB7A5F20AE3E6500FB25CD /* EpilogLib.cpp in Sources */,
				B580E2401FB64C8B00DD177B /* JdTimer.cpp in Sources */,
				B583D0941FA97E85007C07F0 /* test.core.cpp in Sources */,
				B5DB7A6220AE3E9E00FB25CD /* JdMacPlatform.mm in Sources */,
			);
			runOnlyForDeploymentPostprocessing = 0;
		};
		B5C695B42029E42A001DC0F3 /* Sources */ = {
			isa = PBXSourcesBuildPhase;
			buildActionMask = 2147483647;
			files = (
				B5C695D0202A1612001DC0F3 /* JdAssert.cpp in Sources */,
				B5C695D1202A161E001DC0F3 /* JdConfig.cpp in Sources */,
				B5C695C32029E4AA001DC0F3 /* EpilogCliServer.cpp in Sources */,
				B5C695C42029E4AA001DC0F3 /* epilog.cpp in Sources */,
				B5C695D2202A164F001DC0F3 /* JdCore.cpp in Sources */,
			);
			runOnlyForDeploymentPostprocessing = 0;
		};
/* End PBXSourcesBuildPhase section */

/* Begin XCBuildConfiguration section */
		B584EF3E1FA97E2E00A8B431 /* Debug */ = {
			isa = XCBuildConfiguration;
			buildSettings = {
				ALWAYS_SEARCH_USER_PATHS = NO;
				CLANG_ANALYZER_NONNULL = YES;
				CLANG_ANALYZER_NUMBER_OBJECT_CONVERSION = YES_AGGRESSIVE;
				CLANG_CXX_LANGUAGE_STANDARD = "gnu++14";
				CLANG_CXX_LIBRARY = "libc++";
				CLANG_ENABLE_MODULES = YES;
				CLANG_ENABLE_OBJC_ARC = YES;
				CLANG_WARN_BLOCK_CAPTURE_AUTORELEASING = YES;
				CLANG_WARN_BOOL_CONVERSION = YES;
				CLANG_WARN_COMMA = YES;
				CLANG_WARN_CONSTANT_CONVERSION = YES;
				CLANG_WARN_DIRECT_OBJC_ISA_USAGE = YES_ERROR;
				CLANG_WARN_DOCUMENTATION_COMMENTS = YES;
				CLANG_WARN_EMPTY_BODY = YES;
				CLANG_WARN_ENUM_CONVERSION = YES;
				CLANG_WARN_INFINITE_RECURSION = YES;
				CLANG_WARN_INT_CONVERSION = YES;
				CLANG_WARN_NON_LITERAL_NULL_CONVERSION = YES;
				CLANG_WARN_OBJC_LITERAL_CONVERSION = YES;
				CLANG_WARN_OBJC_ROOT_CLASS = YES_ERROR;
				CLANG_WARN_RANGE_LOOP_ANALYSIS = YES;
				CLANG_WARN_STRICT_PROTOTYPES = YES;
				CLANG_WARN_SUSPICIOUS_MOVE = YES;
				CLANG_WARN_UNGUARDED_AVAILABILITY = YES_AGGRESSIVE;
				CLANG_WARN_UNREACHABLE_CODE = YES;
				CLANG_WARN__DUPLICATE_METHOD_MATCH = YES;
				CODE_SIGN_IDENTITY = "-";
				COPY_PHASE_STRIP = NO;
				DEBUG_INFORMATION_FORMAT = dwarf;
				ENABLE_STRICT_OBJC_MSGSEND = YES;
				ENABLE_TESTABILITY = YES;
				GCC_C_LANGUAGE_STANDARD = gnu11;
				GCC_DYNAMIC_NO_PIC = NO;
				GCC_NO_COMMON_BLOCKS = YES;
				GCC_OPTIMIZATION_LEVEL = 0;
				GCC_PREPROCESSOR_DEFINITIONS = (
					"DEBUG=1",
					"$(inherited)",
				);
				GCC_WARN_64_TO_32_BIT_CONVERSION = YES;
				GCC_WARN_ABOUT_RETURN_TYPE = YES_ERROR;
				GCC_WARN_UNDECLARED_SELECTOR = YES;
				GCC_WARN_UNINITIALIZED_AUTOS = YES_AGGRESSIVE;
				GCC_WARN_UNUSED_FUNCTION = YES;
				GCC_WARN_UNUSED_VARIABLE = YES;
				HEADER_SEARCH_PATHS = (
					"$(SRCROOT)/../../external/boost/",
					"$(SRCROOT)/../../external/cityhash/src",
					"$(SRCROOT)/../../external/doctest/doctest",
					"$(SRCROOT)/../../source/**",
				);
				LIBRARY_SEARCH_PATHS = "$(SRCROOT)/../../lib";
				MACOSX_DEPLOYMENT_TARGET = 10.12;
				MTL_ENABLE_DEBUG_INFO = YES;
				ONLY_ACTIVE_ARCH = YES;
				SDKROOT = macosx;
			};
			name = Debug;
		};
		B584EF3F1FA97E2E00A8B431 /* Release */ = {
			isa = XCBuildConfiguration;
			buildSettings = {
				ALWAYS_SEARCH_USER_PATHS = NO;
				CLANG_ANALYZER_NONNULL = YES;
				CLANG_ANALYZER_NUMBER_OBJECT_CONVERSION = YES_AGGRESSIVE;
				CLANG_CXX_LANGUAGE_STANDARD = "gnu++14";
				CLANG_CXX_LIBRARY = "libc++";
				CLANG_ENABLE_MODULES = YES;
				CLANG_ENABLE_OBJC_ARC = YES;
				CLANG_WARN_BLOCK_CAPTURE_AUTORELEASING = YES;
				CLANG_WARN_BOOL_CONVERSION = YES;
				CLANG_WARN_COMMA = YES;
				CLANG_WARN_CONSTANT_CONVERSION = YES;
				CLANG_WARN_DIRECT_OBJC_ISA_USAGE = YES_ERROR;
				CLANG_WARN_DOCUMENTATION_COMMENTS = YES;
				CLANG_WARN_EMPTY_BODY = YES;
				CLANG_WARN_ENUM_CONVERSION = YES;
				CLANG_WARN_INFINITE_RECURSION = YES;
				CLANG_WARN_INT_CONVERSION = YES;
				CLANG_WARN_NON_LITERAL_NULL_CONVERSION = YES;
				CLANG_WARN_OBJC_LITERAL_CONVERSION = YES;
				CLANG_WARN_OBJC_ROOT_CLASS = YES_ERROR;
				CLANG_WARN_RANGE_LOOP_ANALYSIS = YES;
				CLANG_WARN_STRICT_PROTOTYPES = YES;
				CLANG_WARN_SUSPICIOUS_MOVE = YES;
				CLANG_WARN_UNGUARDED_AVAILABILITY = YES_AGGRESSIVE;
				CLANG_WARN_UNREACHABLE_CODE = YES;
				CLANG_WARN__DUPLICATE_METHOD_MATCH = YES;
				CODE_SIGN_IDENTITY = "-";
				COPY_PHASE_STRIP = NO;
				DEBUG_INFORMATION_FORMAT = "dwarf-with-dsym";
				ENABLE_NS_ASSERTIONS = NO;
				ENABLE_STRICT_OBJC_MSGSEND = YES;
				GCC_C_LANGUAGE_STANDARD = gnu11;
				GCC_NO_COMMON_BLOCKS = YES;
				GCC_WARN_64_TO_32_BIT_CONVERSION = YES;
				GCC_WARN_ABOUT_RETURN_TYPE = YES_ERROR;
				GCC_WARN_UNDECLARED_SELECTOR = YES;
				GCC_WARN_UNINITIALIZED_AUTOS = YES_AGGRESSIVE;
				GCC_WARN_UNUSED_FUNCTION = YES;
				GCC_WARN_UNUSED_VARIABLE = YES;
				HEADER_SEARCH_PATHS = (
					"$(SRCROOT)/../../external/boost/",
					"$(SRCROOT)/../../external/cityhash/src",
					"$(SRCROOT)/../../external/doctest/doctest",
					"$(SRCROOT)/../../source/**",
				);
				LIBRARY_SEARCH_PATHS = "$(SRCROOT)/../../lib";
				MACOSX_DEPLOYMENT_TARGET = 10.12;
				MTL_ENABLE_DEBUG_INFO = NO;
				SDKROOT = macosx;
			};
			name = Release;
		};
		B584EF411FA97E2E00A8B431 /* Debug */ = {
			isa = XCBuildConfiguration;
			buildSettings = {
				CLANG_CXX_LANGUAGE_STANDARD = "c++14";
				CODE_SIGN_STYLE = Automatic;
				PRODUCT_NAME = "$(TARGET_NAME)";
			};
			name = Debug;
		};
		B584EF421FA97E2E00A8B431 /* Release */ = {
			isa = XCBuildConfiguration;
			buildSettings = {
				CLANG_CXX_LANGUAGE_STANDARD = "c++14";
				CODE_SIGN_STYLE = Automatic;
				PRODUCT_NAME = "$(TARGET_NAME)";
			};
			name = Release;
		};
		B5C695BD2029E42A001DC0F3 /* Debug */ = {
			isa = XCBuildConfiguration;
			buildSettings = {
				CODE_SIGN_STYLE = Automatic;
				MACOSX_DEPLOYMENT_TARGET = 10.13;
				PRODUCT_NAME = "$(TARGET_NAME)";
			};
			name = Debug;
		};
		B5C695BE2029E42A001DC0F3 /* Release */ = {
			isa = XCBuildConfiguration;
			buildSettings = {
				CODE_SIGN_STYLE = Automatic;
				MACOSX_DEPLOYMENT_TARGET = 10.13;
				PRODUCT_NAME = "$(TARGET_NAME)";
			};
			name = Release;
		};
/* End XCBuildConfiguration section */

/* Begin XCConfigurationList section */
		B584EF341FA97E2E00A8B431 /* Build configuration list for PBXProject "epigram" */ = {
			isa = XCConfigurationList;
			buildConfigurations = (
				B584EF3E1FA97E2E00A8B431 /* Debug */,
				B584EF3F1FA97E2E00A8B431 /* Release */,
			);
			defaultConfigurationIsVisible = 0;
			defaultConfigurationName = Release;
		};
		B584EF401FA97E2E00A8B431 /* Build configuration list for PBXNativeTarget "epitest" */ = {
			isa = XCConfigurationList;
			buildConfigurations = (
				B584EF411FA97E2E00A8B431 /* Debug */,
				B584EF421FA97E2E00A8B431 /* Release */,
			);
			defaultConfigurationIsVisible = 0;
			defaultConfigurationName = Release;
		};
		B5C695BC2029E42A001DC0F3 /* Build configuration list for PBXNativeTarget "epilog" */ = {
			isa = XCConfigurationList;
			buildConfigurations = (
				B5C695BD2029E42A001DC0F3 /* Debug */,
				B5C695BE2029E42A001DC0F3 /* Release */,
			);
			defaultConfigurationIsVisible = 0;
			defaultConfigurationName = Release;
		};
/* End XCConfigurationList section */
	};
	rootObject = B584EF311FA97E2E00A8B431 /* Project object */;
}
